
Microsoft Visual Studio Solution File, Format Version 12.00
# Visual Studio Version 17
VisualStudioVersion = 17.5.33414.496
MinimumVisualStudioVersion = 10.0.40219.1
Project("{2150E333-8FDC-42A3-9474-1A3956D46DE8}") = "src", "src", "{A114B34D-F45D-4898-ADCC-130D7587C585}"
EndProject
Project("{9A19103F-16F7-4668-BE54-9A1E7A4F7556}") = "OnlineShop.Users.Api", "src\Users\OnlineShop.Users.Api\OnlineShop.Users.Api.csproj", "{3AD0B4DC-96D1-4139-864F-976B7C3574D6}"
EndProject
Project("{2150E333-8FDC-42A3-9474-1A3956D46DE8}") = "Users", "Users", "{D1ED1A66-211A-4701-A129-C67295E6700C}"
EndProject
Project("{2150E333-8FDC-42A3-9474-1A3956D46DE8}") = "Baskets", "Baskets", "{1C4A4550-A461-487A-9C3E-12CE7036C605}"
EndProject
Project("{2150E333-8FDC-42A3-9474-1A3956D46DE8}") = "Orders", "Orders", "{32B1F12B-E9C8-4E3B-A125-76E2511E3DA9}"
EndProject
Project("{2150E333-8FDC-42A3-9474-1A3956D46DE8}") = "Store", "Store", "{A45CEAF9-B5BD-4F38-A25E-83B324C358D2}"
EndProject
Project("{9A19103F-16F7-4668-BE54-9A1E7A4F7556}") = "OnlineShop.Orders.Api", "src\Orders\OnlineShop.Orders.Api\OnlineShop.Orders.Api.csproj", "{72F296CE-53AC-4649-8090-2E0E5A2F3432}"
EndProject
Project("{9A19103F-16F7-4668-BE54-9A1E7A4F7556}") = "OnlineShop.Store.Api", "src\Store\OnlineShop.Store.Api\OnlineShop.Store.Api.csproj", "{06AD9E01-D1EC-46FD-AA2A-4FD2E958A622}"
EndProject
Project("{9A19103F-16F7-4668-BE54-9A1E7A4F7556}") = "OnlineShop.Baskets.Api", "src\Baskets\OnlineShop.Baskets.Api\OnlineShop.Baskets.Api.csproj", "{CD53EEBD-9E87-41E0-BCE2-7E00F8F8879F}"
EndProject
Project("{FAE04EC0-301F-11D3-BF4B-00C04F79EFBC}") = "OnlineShop.Email.Console", "src\Email\OnlineShop.Email.Console\OnlineShop.Email.Console.csproj", "{23D3B9B7-B810-4249-93BD-AB30806A62AB}"
EndProject
Project("{FAE04EC0-301F-11D3-BF4B-00C04F79EFBC}") = "OnlineShop.EntityHistory.Console", "src\EntityHistory\OnlineShop.EntityHistory.Console\OnlineShop.EntityHistory.Console.csproj", "{68A6340A-2EF6-414A-A4D2-583D56AC809E}"
EndProject
Project("{2150E333-8FDC-42A3-9474-1A3956D46DE8}") = "Email", "Email", "{01ADC612-2C6B-4CAF-B601-10F137FBA9AA}"
EndProject
Project("{2150E333-8FDC-42A3-9474-1A3956D46DE8}") = "EntityHistory", "EntityHistory", "{D388F458-F021-4CB8-BCA2-55B67AA25DD3}"
EndProject
Global
	GlobalSection(SolutionConfigurationPlatforms) = preSolution
		Debug|Any CPU = Debug|Any CPU
		Release|Any CPU = Release|Any CPU
	EndGlobalSection
	GlobalSection(ProjectConfigurationPlatforms) = postSolution
		{3AD0B4DC-96D1-4139-864F-976B7C3574D6}.Debug|Any CPU.ActiveCfg = Debug|Any CPU
		{3AD0B4DC-96D1-4139-864F-976B7C3574D6}.Debug|Any CPU.Build.0 = Debug|Any CPU
		{3AD0B4DC-96D1-4139-864F-976B7C3574D6}.Release|Any CPU.ActiveCfg = Release|Any CPU
		{3AD0B4DC-96D1-4139-864F-976B7C3574D6}.Release|Any CPU.Build.0 = Release|Any CPU
		{72F296CE-53AC-4649-8090-2E0E5A2F3432}.Debug|Any CPU.ActiveCfg = Debug|Any CPU
		{72F296CE-53AC-4649-8090-2E0E5A2F3432}.Debug|Any CPU.Build.0 = Debug|Any CPU
		{72F296CE-53AC-4649-8090-2E0E5A2F3432}.Release|Any CPU.ActiveCfg = Release|Any CPU
		{72F296CE-53AC-4649-8090-2E0E5A2F3432}.Release|Any CPU.Build.0 = Release|Any CPU
		{06AD9E01-D1EC-46FD-AA2A-4FD2E958A622}.Debug|Any CPU.ActiveCfg = Debug|Any CPU
		{06AD9E01-D1EC-46FD-AA2A-4FD2E958A622}.Debug|Any CPU.Build.0 = Debug|Any CPU
		{06AD9E01-D1EC-46FD-AA2A-4FD2E958A622}.Release|Any CPU.ActiveCfg = Release|Any CPU
		{06AD9E01-D1EC-46FD-AA2A-4FD2E958A622}.Release|Any CPU.Build.0 = Release|Any CPU
		{CD53EEBD-9E87-41E0-BCE2-7E00F8F8879F}.Debug|Any CPU.ActiveCfg = Debug|Any CPU
		{CD53EEBD-9E87-41E0-BCE2-7E00F8F8879F}.Debug|Any CPU.Build.0 = Debug|Any CPU
		{CD53EEBD-9E87-41E0-BCE2-7E00F8F8879F}.Release|Any CPU.ActiveCfg = Release|Any CPU
		{CD53EEBD-9E87-41E0-BCE2-7E00F8F8879F}.Release|Any CPU.Build.0 = Release|Any CPU
		{23D3B9B7-B810-4249-93BD-AB30806A62AB}.Debug|Any CPU.ActiveCfg = Debug|Any CPU
		{23D3B9B7-B810-4249-93BD-AB30806A62AB}.Debug|Any CPU.Build.0 = Debug|Any CPU
		{23D3B9B7-B810-4249-93BD-AB30806A62AB}.Release|Any CPU.ActiveCfg = Release|Any CPU
		{23D3B9B7-B810-4249-93BD-AB30806A62AB}.Release|Any CPU.Build.0 = Release|Any CPU
		{68A6340A-2EF6-414A-A4D2-583D56AC809E}.Debug|Any CPU.ActiveCfg = Debug|Any CPU
		{68A6340A-2EF6-414A-A4D2-583D56AC809E}.Debug|Any CPU.Build.0 = Debug|Any CPU
		{68A6340A-2EF6-414A-A4D2-583D56AC809E}.Release|Any CPU.ActiveCfg = Release|Any CPU
		{68A6340A-2EF6-414A-A4D2-583D56AC809E}.Release|Any CPU.Build.0 = Release|Any CPU
	EndGlobalSection
	GlobalSection(SolutionProperties) = preSolution
		HideSolutionNode = FALSE
	EndGlobalSection
	GlobalSection(NestedProjects) = preSolution
		{3AD0B4DC-96D1-4139-864F-976B7C3574D6} = {D1ED1A66-211A-4701-A129-C67295E6700C}
		{D1ED1A66-211A-4701-A129-C67295E6700C} = {A114B34D-F45D-4898-ADCC-130D7587C585}
		{1C4A4550-A461-487A-9C3E-12CE7036C605} = {A114B34D-F45D-4898-ADCC-130D7587C585}
		{32B1F12B-E9C8-4E3B-A125-76E2511E3DA9} = {A114B34D-F45D-4898-ADCC-130D7587C585}
		{A45CEAF9-B5BD-4F38-A25E-83B324C358D2} = {A114B34D-F45D-4898-ADCC-130D7587C585}
		{72F296CE-53AC-4649-8090-2E0E5A2F3432} = {32B1F12B-E9C8-4E3B-A125-76E2511E3DA9}
		{06AD9E01-D1EC-46FD-AA2A-4FD2E958A622} = {A45CEAF9-B5BD-4F38-A25E-83B324C358D2}
		{CD53EEBD-9E87-41E0-BCE2-7E00F8F8879F} = {1C4A4550-A461-487A-9C3E-12CE7036C605}
		{01ADC612-2C6B-4CAF-B601-10F137FBA9AA} = {A114B34D-F45D-4898-ADCC-130D7587C585}
		{23D3B9B7-B810-4249-93BD-AB30806A62AB} = {01ADC612-2C6B-4CAF-B601-10F137FBA9AA}
		{D388F458-F021-4CB8-BCA2-55B67AA25DD3} = {A114B34D-F45D-4898-ADCC-130D7587C585}
		{68A6340A-2EF6-414A-A4D2-583D56AC809E} = {D388F458-F021-4CB8-BCA2-55B67AA25DD3}
	EndGlobalSection
	GlobalSection(ExtensibilityGlobals) = postSolution
		SolutionGuid = {57F984B5-3F00-4D53-871B-F266FB122885}
	EndGlobalSection
EndGlobal
